
Microsoft Visual Studio Solution File, Format Version 12.00
# Visual Studio Version 16
VisualStudioVersion = 16.0.30717.126
MinimumVisualStudioVersion = 10.0.40219.1
Project("{FAE04EC0-301F-11D3-BF4B-00C04F79EFBC}") = "Name Generator", "Name Generator\Name Generator.csproj", "{C827ED80-0EF5-4A01-B677-B40744731F2F}"
EndProject
Global
	GlobalSection(SolutionConfigurationPlatforms) = preSolution
		Debug|Any CPU = Debug|Any CPU
		Release|Any CPU = Release|Any CPU
	EndGlobalSection
	GlobalSection(ProjectConfigurationPlatforms) = postSolution
		{C827ED80-0EF5-4A01-B677-B40744731F2F}.Debug|Any CPU.ActiveCfg = Debug|Any CPU
		{C827ED80-0EF5-4A01-B677-B40744731F2F}.Debug|Any CPU.Build.0 = Debug|Any CPU
		{C827ED80-0EF5-4A01-B677-B40744731F2F}.Release|Any CPU.ActiveCfg = Release|Any CPU
		{C827ED80-0EF5-4A01-B677-B40744731F2F}.Release|Any CPU.Build.0 = Release|Any CPU
	EndGlobalSection
	GlobalSection(SolutionProperties) = preSolution
		HideSolutionNode = FALSE
	EndGlobalSection
	GlobalSection(ExtensibilityGlobals) = postSolution
		SolutionGuid = {1B563AEC-3C65-4DF5-A1CD-D82F3E5005E0}
	EndGlobalSection
EndGlobal
